
Microsoft Visual Studio Solution File, Format Version 12.00
# Visual Studio Version 17
VisualStudioVersion = 17.4.33205.214
MinimumVisualStudioVersion = 10.0.40219.1
Project("{FAE04EC0-301F-11D3-BF4B-00C04F79EFBC}") = "homework_4", "homework_4\homework_4.csproj", "{0B5F23D7-F543-49BD-B72B-729845A01FFC}"
EndProject
Global
	GlobalSection(SolutionConfigurationPlatforms) = preSolution
		Debug|Any CPU = Debug|Any CPU
		Release|Any CPU = Release|Any CPU
	EndGlobalSection
	GlobalSection(ProjectConfigurationPlatforms) = postSolution
		{0B5F23D7-F543-49BD-B72B-729845A01FFC}.Debug|Any CPU.ActiveCfg = Debug|Any CPU
		{0B5F23D7-F543-49BD-B72B-729845A01FFC}.Debug|Any CPU.Build.0 = Debug|Any CPU
		{0B5F23D7-F543-49BD-B72B-729845A01FFC}.Release|Any CPU.ActiveCfg = Release|Any CPU
		{0B5F23D7-F543-49BD-B72B-729845A01FFC}.Release|Any CPU.Build.0 = Release|Any CPU
	EndGlobalSection
	GlobalSection(SolutionProperties) = preSolution
		HideSolutionNode = FALSE
	EndGlobalSection
	GlobalSection(ExtensibilityGlobals) = postSolution
		SolutionGuid = {425B534F-0383-4397-ADA7-27EE92DBF923}
	EndGlobalSection
EndGlobal
